lockfileVersion: '9.0'

settings:
  autoInstallPeers: true
  excludeLinksFromLockfile: false

importers:

  .:
    dependencies:
      grapesjs:
        specifier: ^0.22.14
        version: 0.22.16
      grapesjs-preset-newsletter:
        specifier: ^1.0.2
        version: 1.0.2

packages:

  '@types/backbone@1.4.15':
    resolution: {integrity: sha512-WWeKtYlsIMtDyLbbhkb96taJMEbfQBnuz7yw1u0pkphCOtksemoWhIXhK74VRCY9hbjnsH3rsJu2uUiFtnsEYg==}

  '@types/jquery@4.0.1':
    resolution: {integrity: sha512-9a59A/tycXgYuPABcp6/3spSShn0NT2UOM4EfHvMumjYi4lJWTsK5SZWjhx3yRm9IHGCeWXdV2YfNsrWrft/CA==}

  '@types/underscore@1.13.0':
    resolution: {integrity: sha512-L6LBgy1f0EFQZ+7uSA57+n2g/s4Qs5r06Vwrwn0/nuK1de+adz00NWaztRQ30aEqw5qOaWbPI8u2cGQ52lj6VA==}

  backbone-undo@0.2.6:
    resolution: {integrity: sha512-AsfpNiljLXlk7TcffDUu3EAUq7CxWbyTNwARWrql5XTzN4vh6WzEEBZYaKK4kTTz+iW1tSzqUooaGRIwO83kWA==}
    deprecated: Package no longer supported. Contact Support at https://www.npmjs.com/support for more info.

  backbone@1.4.1:
    resolution: {integrity: sha512-ADy1ztN074YkWbHi8ojJVFe3vAanO/lrzMGZWUClIP7oDD/Pjy2vrASraUP+2EVCfIiTtCW4FChVow01XneivA==}

  codemirror-formatting@1.0.0:
    resolution: {integrity: sha512-br9yM6eJI3pJHekEnoyHaBEb1B7XxxDjju+vRyBe8QGLp5saTIXXkZ+eFCTqXSAtI8QEZDFVEX2/SOjH2sVWRQ==}

  codemirror@5.63.0:
    resolution: {integrity: sha512-KlLWRPggDg2rBD1Mx7/EqEhaBdy+ybBCVh/efgjBDsPpMeEu6MbTAJzIT4TuCzvmbTEgvKOGzVT6wdBTNusqrg==}

  grapesjs-preset-newsletter@1.0.2:
    resolution: {integrity: sha512-z8KJ1ZrTXfASSJZ/tHOcnpcWu4AMr2F/ZfQit+QjimNi3UGowwl7+Yjefuh3R7lbDTrXMMaxhCannCaJo/kPJw==}

  grapesjs@0.22.16:
    resolution: {integrity: sha512-kCfphgpC7pqJPuMYmIhMR6ueyB3+V67isdpMZOvmuGeWDMomkgzqRWOMH3matfdqIJW7LUivHZo9GeyVQAGmLw==}

  html-entities@1.4.0:
    resolution: {integrity: sha512-8nxjcBcd8wovbeKx7h3wTji4e6+rhaVuPNpMqwWgnHh+N9ToqsCs6XztWRBPQ+UtzsoMAdKZtUENoVzU/EMtZA==}

  promise-polyfill@8.3.0:
    resolution: {integrity: sha512-H5oELycFml5yto/atYqmjyigJoAo3+OXwolYiH7OfQuYlAqhxNvTfiNMbV9hsC6Yp83yE5r2KTVmtrG6R9i6Pg==}

  underscore@1.13.8:
    resolution: {integrity: sha512-DXtD3ZtEQzc7M8m4cXotyHR+FAS18C64asBYY5vqZexfYryNNnDc02W4hKg3rdQuqOYas1jkseX0+nZXjTXnvQ==}

snapshots:

  '@types/backbone@1.4.15':
    dependencies:
      '@types/jquery': 4.0.1
      '@types/underscore': 1.13.0

  '@types/jquery@4.0.1': {}

  '@types/underscore@1.13.0': {}

  backbone-undo@0.2.6:
    dependencies:
      backbone: 1.4.1
      underscore: 1.13.8

  backbone@1.4.1:
    dependencies:
      underscore: 1.13.8

  codemirror-formatting@1.0.0: {}

  codemirror@5.63.0: {}

  grapesjs-preset-newsletter@1.0.2: {}

  grapesjs@0.22.16:
    dependencies:
      '@types/backbone': 1.4.15
      backbone: 1.4.1
      backbone-undo: 0.2.6
      codemirror: 5.63.0
      codemirror-formatting: 1.0.0
      html-entities: 1.4.0
      promise-polyfill: 8.3.0
      underscore: 1.13.8

  html-entities@1.4.0: {}

  promise-polyfill@8.3.0: {}

  underscore@1.13.8: {}
